
Microsoft Visual Studio Solution File, Format Version 12.00
# Visual Studio Version 16
VisualStudioVersion = 16.0.29123.88
MinimumVisualStudioVersion = 10.0.40219.1
Project("{FAE04EC0-301F-11D3-BF4B-00C04F79EFBC}") = "XamarinTestBed.UWP", "XamarinTestBed\XamarinTestBed.UWP\XamarinTestBed.UWP.csproj", "{D062939D-DC78-4329-8EB1-1DAD1F693D52}"
EndProject
Project("{FAE04EC0-301F-11D3-BF4B-00C04F79EFBC}") = "XamarinTestBed.Android", "XamarinTestBed\XamarinTestBed.Android\XamarinTestBed.Android.csproj", "{9AA865E5-3A4C-44A8-9E3A-AADC936F3B32}"
EndProject
Project("{FAE04EC0-301F-11D3-BF4B-00C04F79EFBC}") = "XamarinTestBed.iOS", "XamarinTestBed\XamarinTestBed.iOS\XamarinTestBed.iOS.csproj", "{E50625B4-630D-4B52-B1C8-AB698A1229AB}"
EndProject
Project("{FAE04EC0-301F-11D3-BF4B-00C04F79EFBC}") = "XamarinTestBed", "XamarinTestBed\XamarinTestBed\XamarinTestBed.csproj", "{100C7E93-FA12-4713-BC58-EB22D065DF8F}"
EndProject
Global
	GlobalSection(SolutionConfigurationPlatforms) = preSolution
		Debug|Any CPU = Debug|Any CPU
		Debug|ARM = Debug|ARM
		Debug|iPhone = Debug|iPhone
		Debug|iPhoneSimulator = Debug|iPhoneSimulator
		Debug|x64 = Debug|x64
		Debug|x86 = Debug|x86
		Release|Any CPU = Release|Any CPU
		Release|ARM = Release|ARM
		Release|iPhone = Release|iPhone
		Release|iPhoneSimulator = Release|iPhoneSimulator
		Release|x64 = Release|x64
		Release|x86 = Release|x86
	EndGlobalSection
	GlobalSection(ProjectConfigurationPlatforms) = postSolution
		{D062939D-DC78-4329-8EB1-1DAD1F693D52}.Debug|Any CPU.ActiveCfg = Debug|x86
		{D062939D-DC78-4329-8EB1-1DAD1F693D52}.Debug|Any CPU.Build.0 = Debug|x86
		{D062939D-DC78-4329-8EB1-1DAD1F693D52}.Debug|Any CPU.Deploy.0 = Debug|x86
		{D062939D-DC78-4329-8EB1-1DAD1F693D52}.Debug|ARM.ActiveCfg = Debug|ARM
		{D062939D-DC78-4329-8EB1-1DAD1F693D52}.Debug|ARM.Build.0 = Debug|ARM
		{D062939D-DC78-4329-8EB1-1DAD1F693D52}.Debug|ARM.Deploy.0 = Debug|ARM
		{D062939D-DC78-4329-8EB1-1DAD1F693D52}.Debug|iPhone.ActiveCfg = Debug|x86
		{D062939D-DC78-4329-8EB1-1DAD1F693D52}.Debug|iPhone.Build.0 = Debug|x86
		{D062939D-DC78-4329-8EB1-1DAD1F693D52}.Debug|iPhone.Deploy.0 = Debug|x86
		{D062939D-DC78-4329-8EB1-1DAD1F693D52}.Debug|iPhoneSimulator.ActiveCfg = Debug|x86
		{D062939D-DC78-4329-8EB1-1DAD1F693D52}.Debug|iPhoneSimulator.Build.0 = Debug|x86
		{D062939D-DC78-4329-8EB1-1DAD1F693D52}.Debug|iPhoneSimulator.Deploy.0 = Debug|x86
		{D062939D-DC78-4329-8EB1-1DAD1F693D52}.Debug|x64.ActiveCfg = Debug|x64
		{D062939D-DC78-4329-8EB1-1DAD1F693D52}.Debug|x64.Build.0 = Debug|x64
		{D062939D-DC78-4329-8EB1-1DAD1F693D52}.Debug|x64.Deploy.0 = Debug|x64
		{D062939D-DC78-4329-8EB1-1DAD1F693D52}.Debug|x86.ActiveCfg = Debug|x86
		{D062939D-DC78-4329-8EB1-1DAD1F693D52}.Debug|x86.Build.0 = Debug|x86
		{D062939D-DC78-4329-8EB1-1DAD1F693D52}.Debug|x86.Deploy.0 = Debug|x86
		{D062939D-DC78-4329-8EB1-1DAD1F693D52}.Release|Any CPU.ActiveCfg = Release|x86
		{D062939D-DC78-4329-8EB1-1DAD1F693D52}.Release|Any CPU.Build.0 = Release|x86
		{D062939D-DC78-4329-8EB1-1DAD1F693D52}.Release|Any CPU.Deploy.0 = Release|x86
		{D062939D-DC78-4329-8EB1-1DAD1F693D52}.Release|ARM.ActiveCfg = Release|ARM
		{D062939D-DC78-4329-8EB1-1DAD1F693D52}.Release|ARM.Build.0 = Release|ARM
		{D062939D-DC78-4329-8EB1-1DAD1F693D52}.Release|ARM.Deploy.0 = Release|ARM
		{D062939D-DC78-4329-8EB1-1DAD1F693D52}.Release|iPhone.ActiveCfg = Release|x86
		{D062939D-DC78-4329-8EB1-1DAD1F693D52}.Release|iPhone.Build.0 = Release|x86
		{D062939D-DC78-4329-8EB1-1DAD1F693D52}.Release|iPhone.Deploy.0 = Release|x86
		{D062939D-DC78-4329-8EB1-1DAD1F693D52}.Release|iPhoneSimulator.ActiveCfg = Release|x86
		{D062939D-DC78-4329-8EB1-1DAD1F693D52}.Release|iPhoneSimulator.Build.0 = Release|x86
		{D062939D-DC78-4329-8EB1-1DAD1F693D52}.Release|iPhoneSimulator.Deploy.0 = Release|x86
		{D062939D-DC78-4329-8EB1-1DAD1F693D52}.Release|x64.ActiveCfg = Release|x64
		{D062939D-DC78-4329-8EB1-1DAD1F693D52}.Release|x64.Build.0 = Release|x64
		{D062939D-DC78-4329-8EB1-1DAD1F693D52}.Release|x64.Deploy.0 = Release|x64
		{D062939D-DC78-4329-8EB1-1DAD1F693D52}.Release|x86.ActiveCfg = Release|x86
		{D062939D-DC78-4329-8EB1-1DAD1F693D52}.Release|x86.Build.0 = Release|x86
		{D062939D-DC78-4329-8EB1-1DAD1F693D52}.Release|x86.Deploy.0 = Release|x86
		{9AA865E5-3A4C-44A8-9E3A-AADC936F3B32}.Debug|Any CPU.ActiveCfg = Debug|Any CPU
		{9AA865E5-3A4C-44A8-9E3A-AADC936F3B32}.Debug|Any CPU.Build.0 = Debug|Any CPU
		{9AA865E5-3A4C-44A8-9E3A-AADC936F3B32}.Debug|Any CPU.Deploy.0 = Debug|Any CPU
		{9AA865E5-3A4C-44A8-9E3A-AADC936F3B32}.Debug|ARM.ActiveCfg = Debug|Any CPU
		{9AA865E5-3A4C-44A8-9E3A-AADC936F3B32}.Debug|ARM.Build.0 = Debug|Any CPU
		{9AA865E5-3A4C-44A8-9E3A-AADC936F3B32}.Debug|ARM.Deploy.0 = Debug|Any CPU
		{9AA865E5-3A4C-44A8-9E3A-AADC936F3B32}.Debug|iPhone.ActiveCfg = Debug|Any CPU
		{9AA865E5-3A4C-44A8-9E3A-AADC936F3B32}.Debug|iPhone.Build.0 = Debug|Any CPU
		{9AA865E5-3A4C-44A8-9E3A-AADC936F3B32}.Debug|iPhone.Deploy.0 = Debug|Any CPU
		{9AA865E5-3A4C-44A8-9E3A-AADC936F3B32}.Debug|iPhoneSimulator.ActiveCfg = Debug|Any CPU
		{9AA865E5-3A4C-44A8-9E3A-AADC936F3B32}.Debug|iPhoneSimulator.Build.0 = Debug|Any CPU
		{9AA865E5-3A4C-44A8-9E3A-AADC936F3B32}.Debug|iPhoneSimulator.Deploy.0 = Debug|Any CPU
		{9AA865E5-3A4C-44A8-9E3A-AADC936F3B32}.Debug|x64.ActiveCfg = Debug|Any CPU
		{9AA865E5-3A4C-44A8-9E3A-AADC936F3B32}.Debug|x64.Build.0 = Debug|Any CPU
		{9AA865E5-3A4C-44A8-9E3A-AADC936F3B32}.Debug|x64.Deploy.0 = Debug|Any CPU
		{9AA865E5-3A4C-44A8-9E3A-AADC936F3B32}.Debug|x86.ActiveCfg = Debug|Any CPU
		{9AA865E5-3A4C-44A8-9E3A-AADC936F3B32}.Debug|x86.Build.0 = Debug|Any CPU
		{9AA865E5-3A4C-44A8-9E3A-AADC936F3B32}.Debug|x86.Deploy.0 = Debug|Any CPU
		{9AA865E5-3A4C-44A8-9E3A-AADC936F3B32}.Release|Any CPU.ActiveCfg = Release|Any CPU
		{9AA865E5-3A4C-44A8-9E3A-AADC936F3B32}.Release|Any CPU.Build.0 = Release|Any CPU
		{9AA865E5-3A4C-44A8-9E3A-AADC936F3B32}.Release|Any CPU.Deploy.0 = Release|Any CPU
		{9AA865E5-3A4C-44A8-9E3A-AADC936F3B32}.Release|ARM.ActiveCfg = Release|Any CPU
		{9AA865E5-3A4C-44A8-9E3A-AADC936F3B32}.Release|ARM.Build.0 = Release|Any CPU
		{9AA865E5-3A4C-44A8-9E3A-AADC936F3B32}.Release|ARM.Deploy.0 = Release|Any CPU
		{9AA865E5-3A4C-44A8-9E3A-AADC936F3B32}.Release|iPhone.ActiveCfg = Release|Any CPU
		{9AA865E5-3A4C-44A8-9E3A-AADC936F3B32}.Release|iPhone.Build.0 = Release|Any CPU
		{9AA865E5-3A4C-44A8-9E3A-AADC936F3B32}.Release|iPhone.Deploy.0 = Release|Any CPU
		{9AA865E5-3A4C-44A8-9E3A-AADC936F3B32}.Release|iPhoneSimulator.ActiveCfg = Release|Any CPU
		{9AA865E5-3A4C-44A8-9E3A-AADC936F3B32}.Release|iPhoneSimulator.Build.0 = Release|Any CPU
		{9AA865E5-3A4C-44A8-9E3A-AADC936F3B32}.Release|iPhoneSimulator.Deploy.0 = Release|Any CPU
		{9AA865E5-3A4C-44A8-9E3A-AADC936F3B32}.Release|x64.ActiveCfg = Release|Any CPU
		{9AA865E5-3A4C-44A8-9E3A-AADC936F3B32}.Release|x64.Build.0 = Release|Any CPU
		{9AA865E5-3A4C-44A8-9E3A-AADC936F3B32}.Release|x64.Deploy.0 = Release|Any CPU
		{9AA865E5-3A4C-44A8-9E3A-AADC936F3B32}.Release|x86.ActiveCfg = Release|Any CPU
		{9AA865E5-3A4C-44A8-9E3A-AADC936F3B32}.Release|x86.Build.0 = Release|Any CPU
		{9AA865E5-3A4C-44A8-9E3A-AADC936F3B32}.Release|x86.Deploy.0 = Release|Any CPU
		{E50625B4-630D-4B52-B1C8-AB698A1229AB}.Debug|Any CPU.ActiveCfg = Debug|iPhone
		{E50625B4-630D-4B52-B1C8-AB698A1229AB}.Debug|Any CPU.Build.0 = Debug|iPhone
		{E50625B4-630D-4B52-B1C8-AB698A1229AB}.Debug|Any CPU.Deploy.0 = Debug|iPhone
		{E50625B4-630D-4B52-B1C8-AB698A1229AB}.Debug|ARM.ActiveCfg = Debug|iPhoneSimulator
		{E50625B4-630D-4B52-B1C8-AB698A1229AB}.Debug|ARM.Build.0 = Debug|iPhoneSimulator
		{E50625B4-630D-4B52-B1C8-AB698A1229AB}.Debug|ARM.Deploy.0 = Debug|iPhoneSimulator
		{E50625B4-630D-4B52-B1C8-AB698A1229AB}.Debug|iPhone.ActiveCfg = Debug|iPhone
		{E50625B4-630D-4B52-B1C8-AB698A1229AB}.Debug|iPhone.Build.0 = Debug|iPhone
		{E50625B4-630D-4B52-B1C8-AB698A1229AB}.Debug|iPhone.Deploy.0 = Debug|iPhone
		{E50625B4-630D-4B52-B1C8-AB698A1229AB}.Debug|iPhoneSimulator.ActiveCfg = Debug|iPhoneSimulator
		{E50625B4-630D-4B52-B1C8-AB698A1229AB}.Debug|iPhoneSimulator.Build.0 = Debug|iPhoneSimulator
		{E50625B4-630D-4B52-B1C8-AB698A1229AB}.Debug|iPhoneSimulator.Deploy.0 = Debug|iPhoneSimulator
		{E50625B4-630D-4B52-B1C8-AB698A1229AB}.Debug|x64.ActiveCfg = Debug|iPhone
		{E50625B4-630D-4B52-B1C8-AB698A1229AB}.Debug|x64.Build.0 = Debug|iPhone
		{E50625B4-630D-4B52-B1C8-AB698A1229AB}.Debug|x64.Deploy.0 = Debug|iPhone
		{E50625B4-630D-4B52-B1C8-AB698A1229AB}.Debug|x86.ActiveCfg = Debug|iPhone
		{E50625B4-630D-4B52-B1C8-AB698A1229AB}.Debug|x86.Build.0 = Debug|iPhone
		{E50625B4-630D-4B52-B1C8-AB698A1229AB}.Debug|x86.Deploy.0 = Debug|iPhone
		{E50625B4-630D-4B52-B1C8-AB698A1229AB}.Release|Any CPU.ActiveCfg = Release|iPhone
		{E50625B4-630D-4B52-B1C8-AB698A1229AB}.Release|Any CPU.Build.0 = Release|iPhone
		{E50625B4-630D-4B52-B1C8-AB698A1229AB}.Release|Any CPU.Deploy.0 = Release|iPhone
		{E50625B4-630D-4B52-B1C8-AB698A1229AB}.Release|ARM.ActiveCfg = Release|iPhone
		{E50625B4-630D-4B52-B1C8-AB698A1229AB}.Release|ARM.Build.0 = Release|iPhone
		{E50625B4-630D-4B52-B1C8-AB698A1229AB}.Release|ARM.Deploy.0 = Release|iPhone
		{E50625B4-630D-4B52-B1C8-AB698A1229AB}.Release|iPhone.ActiveCfg = Release|iPhone
		{E50625B4-630D-4B52-B1C8-AB698A1229AB}.Release|iPhone.Build.0 = Release|iPhone
		{E50625B4-630D-4B52-B1C8-AB698A1229AB}.Release|iPhone.Deploy.0 = Release|iPhone
		{E50625B4-630D-4B52-B1C8-AB698A1229AB}.Release|iPhoneSimulator.ActiveCfg = Release|iPhoneSimulator
		{E50625B4-630D-4B52-B1C8-AB698A1229AB}.Release|iPhoneSimulator.Build.0 = Release|iPhoneSimulator
		{E50625B4-630D-4B52-B1C8-AB698A1229AB}.Release|iPhoneSimulator.Deploy.0 = Release|iPhoneSimulator
		{E50625B4-630D-4B52-B1C8-AB698A1229AB}.Release|x64.ActiveCfg = Release|iPhone
		{E50625B4-630D-4B52-B1C8-AB698A1229AB}.Release|x64.Build.0 = Release|iPhone
		{E50625B4-630D-4B52-B1C8-AB698A1229AB}.Release|x64.Deploy.0 = Release|iPhone
		{E50625B4-630D-4B52-B1C8-AB698A1229AB}.Release|x86.ActiveCfg = Release|iPhone
		{E50625B4-630D-4B52-B1C8-AB698A1229AB}.Release|x86.Build.0 = Release|iPhone
		{E50625B4-630D-4B52-B1C8-AB698A1229AB}.Release|x86.Deploy.0 = Release|iPhone
		{100C7E93-FA12-4713-BC58-EB22D065DF8F}.Debug|Any CPU.ActiveCfg = Debug|Any CPU
		{100C7E93-FA12-4713-BC58-EB22D065DF8F}.Debug|Any CPU.Build.0 = Debug|Any CPU
		{100C7E93-FA12-4713-BC58-EB22D065DF8F}.Debug|Any CPU.Deploy.0 = Debug|Any CPU
		{100C7E93-FA12-4713-BC58-EB22D065DF8F}.Debug|ARM.ActiveCfg = Debug|Any CPU
		{100C7E93-FA12-4713-BC58-EB22D065DF8F}.Debug|ARM.Build.0 = Debug|Any CPU
		{100C7E93-FA12-4713-BC58-EB22D065DF8F}.Debug|ARM.Deploy.0 = Debug|Any CPU
		{100C7E93-FA12-4713-BC58-EB22D065DF8F}.Debug|iPhone.ActiveCfg = Debug|Any CPU
		{100C7E93-FA12-4713-BC58-EB22D065DF8F}.Debug|iPhone.Build.0 = Debug|Any CPU
		{100C7E93-FA12-4713-BC58-EB22D065DF8F}.Debug|iPhone.Deploy.0 = Debug|Any CPU
		{100C7E93-FA12-4713-BC58-EB22D065DF8F}.Debug|iPhoneSimulator.ActiveCfg = Debug|Any CPU
		{100C7E93-FA12-4713-BC58-EB22D065DF8F}.Debug|iPhoneSimulator.Build.0 = Debug|Any CPU
		{100C7E93-FA12-4713-BC58-EB22D065DF8F}.Debug|iPhoneSimulator.Deploy.0 = Debug|Any CPU
		{100C7E93-FA12-4713-BC58-EB22D065DF8F}.Debug|x64.ActiveCfg = Debug|Any CPU
		{100C7E93-FA12-4713-BC58-EB22D065DF8F}.Debug|x64.Build.0 = Debug|Any CPU
		{100C7E93-FA12-4713-BC58-EB22D065DF8F}.Debug|x64.Deploy.0 = Debug|Any CPU
		{100C7E93-FA12-4713-BC58-EB22D065DF8F}.Debug|x86.ActiveCfg = Debug|Any CPU
		{100C7E93-FA12-4713-BC58-EB22D065DF8F}.Debug|x86.Build.0 = Debug|Any CPU
		{100C7E93-FA12-4713-BC58-EB22D065DF8F}.Debug|x86.Deploy.0 = Debug|Any CPU
		{100C7E93-FA12-4713-BC58-EB22D065DF8F}.Release|Any CPU.ActiveCfg = Release|Any CPU
		{100C7E93-FA12-4713-BC58-EB22D065DF8F}.Release|Any CPU.Build.0 = Release|Any CPU
		{100C7E93-FA12-4713-BC58-EB22D065DF8F}.Release|Any CPU.Deploy.0 = Release|Any CPU
		{100C7E93-FA12-4713-BC58-EB22D065DF8F}.Release|ARM.ActiveCfg = Release|Any CPU
		{100C7E93-FA12-4713-BC58-EB22D065DF8F}.Release|ARM.Build.0 = Release|Any CPU
		{100C7E93-FA12-4713-BC58-EB22D065DF8F}.Release|ARM.Deploy.0 = Release|Any CPU
		{100C7E93-FA12-4713-BC58-EB22D065DF8F}.Release|iPhone.ActiveCfg = Release|Any CPU
		{100C7E93-FA12-4713-BC58-EB22D065DF8F}.Release|iPhone.Build.0 = Release|Any CPU
		{100C7E93-FA12-4713-BC58-EB22D065DF8F}.Release|iPhone.Deploy.0 = Release|Any CPU
		{100C7E93-FA12-4713-BC58-EB22D065DF8F}.Release|iPhoneSimulator.ActiveCfg = Release|Any CPU
		{100C7E93-FA12-4713-BC58-EB22D065DF8F}.Release|iPhoneSimulator.Build.0 = Release|Any CPU
		{100C7E93-FA12-4713-BC58-EB22D065DF8F}.Release|iPhoneSimulator.Deploy.0 = Release|Any CPU
		{100C7E93-FA12-4713-BC58-EB22D065DF8F}.Release|x64.ActiveCfg = Release|Any CPU
		{100C7E93-FA12-4713-BC58-EB22D065DF8F}.Release|x64.Build.0 = Release|Any CPU
		{100C7E93-FA12-4713-BC58-EB22D065DF8F}.Release|x64.Deploy.0 = Release|Any CPU
		{100C7E93-FA12-4713-BC58-EB22D065DF8F}.Release|x86.ActiveCfg = Release|Any CPU
		{100C7E93-FA12-4713-BC58-EB22D065DF8F}.Release|x86.Build.0 = Release|Any CPU
		{100C7E93-FA12-4713-BC58-EB22D065DF8F}.Release|x86.Deploy.0 = Release|Any CPU
	EndGlobalSection
	GlobalSection(SolutionProperties) = preSolution
		HideSolutionNode = FALSE
	EndGlobalSection
	GlobalSection(ExtensibilityGlobals) = postSolution
		SolutionGuid = {E92E7CF7-C753-4E47-AEC3-53B9DAFF3EEF}
	EndGlobalSection
EndGlobal
